// !$*UTF8*$!
{
	archiveVersion = 1;
	classes = {
	};
	objectVersion = 56;
	objects = {

/* Begin PBXBuildFile section */
		3A02EE2F2AFA7D29009A587F /* ElderProfileModel.swift in Sources */ = {isa = PBXBuildFile; fileRef = 3A02EE2E2AFA7D29009A587F /* ElderProfileModel.swift */; };
		3A2302012B1A774C00EA73C6 /* CalendarAssistant.swift in Sources */ = {isa = PBXBuildFile; fileRef = 3A2302002B1A774C00EA73C6 /* CalendarAssistant.swift */; };
		3A80A2722B1A667600107211 /* CalendarCell.swift in Sources */ = {isa = PBXBuildFile; fileRef = 3A80A2712B1A667600107211 /* CalendarCell.swift */; };
		3A80A2762B1A694600107211 /* CalendarViewController.swift in Sources */ = {isa = PBXBuildFile; fileRef = 3A80A2752B1A694600107211 /* CalendarViewController.swift */; };
		5BB0DE1E2B1406FA007875AC /* ElderlyTableViewCell.swift in Sources */ = {isa = PBXBuildFile; fileRef = 5BB0DE1D2B1406FA007875AC /* ElderlyTableViewCell.swift */; };
		E51EDED12B1F93C60043A459 /* AlertsViewController.swift in Sources */ = {isa = PBXBuildFile; fileRef = E51EDED02B1F93C60043A459 /* AlertsViewController.swift */; };
		E53469AA2B001F070077B336 /* CreateElderViewController.swift in Sources */ = {isa = PBXBuildFile; fileRef = E53469A92B001F070077B336 /* CreateElderViewController.swift */; };
		E543E37B2B191FDF00AC89C3 /* SettingsViewController.swift in Sources */ = {isa = PBXBuildFile; fileRef = E543E37A2B191FDF00AC89C3 /* SettingsViewController.swift */; };
		E5783B122AF6E64E007F51BB /* AppDelegate.swift in Sources */ = {isa = PBXBuildFile; fileRef = E5783B112AF6E64E007F51BB /* AppDelegate.swift */; };
		E5783B142AF6E64E007F51BB /* SceneDelegate.swift in Sources */ = {isa = PBXBuildFile; fileRef = E5783B132AF6E64E007F51BB /* SceneDelegate.swift */; };
		E5783B162AF6E64E007F51BB /* ViewController.swift in Sources */ = {isa = PBXBuildFile; fileRef = E5783B152AF6E64E007F51BB /* ViewController.swift */; };
		E5783B192AF6E64E007F51BB /* Main.storyboard in Resources */ = {isa = PBXBuildFile; fileRef = E5783B172AF6E64E007F51BB /* Main.storyboard */; };
		E5783B1B2AF6E650007F51BB /* Assets.xcassets in Resources */ = {isa = PBXBuildFile; fileRef = E5783B1A2AF6E650007F51BB /* Assets.xcassets */; };
		E5783B1E2AF6E650007F51BB /* LaunchScreen.storyboard in Resources */ = {isa = PBXBuildFile; fileRef = E5783B1C2AF6E650007F51BB /* LaunchScreen.storyboard */; };
		E5783B282AF6E79A007F51BB /* UserModel.swift in Sources */ = {isa = PBXBuildFile; fileRef = E5783B272AF6E79A007F51BB /* UserModel.swift */; };
		E5783B2B2AF6E839007F51BB /* ParseSwift in Frameworks */ = {isa = PBXBuildFile; productRef = E5783B2A2AF6E839007F51BB /* ParseSwift */; };
		E5783B2D2AF6E8F5007F51BB /* HomeViewController.swift in Sources */ = {isa = PBXBuildFile; fileRef = E5783B2C2AF6E8F5007F51BB /* HomeViewController.swift */; };
		E5783B2F2AF7137E007F51BB /* RegistrationViewController.swift in Sources */ = {isa = PBXBuildFile; fileRef = E5783B2E2AF7137E007F51BB /* RegistrationViewController.swift */; };
		E5ACBB302AF7333500655347 /* ForgotPasswordViewController.swift in Sources */ = {isa = PBXBuildFile; fileRef = E5ACBB2F2AF7333500655347 /* ForgotPasswordViewController.swift */; };
		E5CA98BB2B0074C000F4088F /* ElderDetailViewController.swift in Sources */ = {isa = PBXBuildFile; fileRef = E5CA98BA2B0074C000F4088F /* ElderDetailViewController.swift */; };
/* End PBXBuildFile section */

/* Begin PBXFileReference section */
		3A02EE2E2AFA7D29009A587F /* ElderProfileModel.swift */ = {isa = PBXFileReference; lastKnownFileType = sourcecode.swift; path = ElderProfileModel.swift; sourceTree = "<group>"; };
		3A2302002B1A774C00EA73C6 /* CalendarAssistant.swift */ = {isa = PBXFileReference; lastKnownFileType = sourcecode.swift; path = CalendarAssistant.swift; sourceTree = "<group>"; };
		3A80A2712B1A667600107211 /* CalendarCell.swift */ = {isa = PBXFileReference; lastKnownFileType = sourcecode.swift; path = CalendarCell.swift; sourceTree = "<group>"; };
		3A80A2752B1A694600107211 /* CalendarViewController.swift */ = {isa = PBXFileReference; lastKnownFileType = sourcecode.swift; path = CalendarViewController.swift; sourceTree = "<group>"; };
		5BB0DE1D2B1406FA007875AC /* ElderlyTableViewCell.swift */ = {isa = PBXFileReference; lastKnownFileType = sourcecode.swift; path = ElderlyTableViewCell.swift; sourceTree = "<group>"; };
		E51EDED02B1F93C60043A459 /* AlertsViewController.swift */ = {isa = PBXFileReference; lastKnownFileType = sourcecode.swift; path = AlertsViewController.swift; sourceTree = "<group>"; };
		E53469A92B001F070077B336 /* CreateElderViewController.swift */ = {isa = PBXFileReference; lastKnownFileType = sourcecode.swift; path = CreateElderViewController.swift; sourceTree = "<group>"; };
		E543E37A2B191FDF00AC89C3 /* SettingsViewController.swift */ = {isa = PBXFileReference; lastKnownFileType = sourcecode.swift; path = SettingsViewController.swift; sourceTree = "<group>"; };
		E5783B0E2AF6E64E007F51BB /* SeniorSignal.app */ = {isa = PBXFileReference; explicitFileType = wrapper.application; includeInIndex = 0; path = SeniorSignal.app; sourceTree = BUILT_PRODUCTS_DIR; };
		E5783B112AF6E64E007F51BB /* AppDelegate.swift */ = {isa = PBXFileReference; lastKnownFileType = sourcecode.swift; path = AppDelegate.swift; sourceTree = "<group>"; };
		E5783B132AF6E64E007F51BB /* SceneDelegate.swift */ = {isa = PBXFileReference; lastKnownFileType = sourcecode.swift; path = SceneDelegate.swift; sourceTree = "<group>"; };
		E5783B152AF6E64E007F51BB /* ViewController.swift */ = {isa = PBXFileReference; lastKnownFileType = sourcecode.swift; path = ViewController.swift; sourceTree = "<group>"; };
		E5783B182AF6E64E007F51BB /* Base */ = {isa = PBXFileReference; lastKnownFileType = file.storyboard; name = Base; path = Base.lproj/Main.storyboard; sourceTree = "<group>"; };
		E5783B1A2AF6E650007F51BB /* Assets.xcassets */ = {isa = PBXFileReference; lastKnownFileType = folder.assetcatalog; path = Assets.xcassets; sourceTree = "<group>"; };
		E5783B1D2AF6E650007F51BB /* Base */ = {isa = PBXFileReference; lastKnownFileType = file.storyboard; name = Base; path = Base.lproj/LaunchScreen.storyboard; sourceTree = "<group>"; };
		E5783B1F2AF6E650007F51BB /* Info.plist */ = {isa = PBXFileReference; lastKnownFileType = text.plist.xml; path = Info.plist; sourceTree = "<group>"; };
		E5783B272AF6E79A007F51BB /* UserModel.swift */ = {isa = PBXFileReference; lastKnownFileType = sourcecode.swift; path = UserModel.swift; sourceTree = "<group>"; };
		E5783B2C2AF6E8F5007F51BB /* HomeViewController.swift */ = {isa = PBXFileReference; lastKnownFileType = sourcecode.swift; path = HomeViewController.swift; sourceTree = "<group>"; };
		E5783B2E2AF7137E007F51BB /* RegistrationViewController.swift */ = {isa = PBXFileReference; lastKnownFileType = sourcecode.swift; path = RegistrationViewController.swift; sourceTree = "<group>"; };
		E5ACBB2F2AF7333500655347 /* ForgotPasswordViewController.swift */ = {isa = PBXFileReference; lastKnownFileType = sourcecode.swift; path = ForgotPasswordViewController.swift; sourceTree = "<group>"; };
		E5CA98BA2B0074C000F4088F /* ElderDetailViewController.swift */ = {isa = PBXFileReference; lastKnownFileType = sourcecode.swift; path = ElderDetailViewController.swift; sourceTree = "<group>"; };
/* End PBXFileReference section */

/* Begin PBXFrameworksBuildPhase section */
		E5783B0B2AF6E64E007F51BB /* Frameworks */ = {
			isa = PBXFrameworksBuildPhase;
			buildActionMask = 2147483647;
			files = (
				E5783B2B2AF6E839007F51BB /* ParseSwift in Frameworks */,
			);
			runOnlyForDeploymentPostprocessing = 0;
		};
/* End PBXFrameworksBuildPhase section */

/* Begin PBXGroup section */
		5BB0DE1F2B140DB1007875AC /* Cells */ = {
			isa = PBXGroup;
			children = (
				5BB0DE1D2B1406FA007875AC /* ElderlyTableViewCell.swift */,
				3A80A2712B1A667600107211 /* CalendarCell.swift */,
			);
			path = Cells;
			sourceTree = "<group>";
		};
		E543E37C2B191FE900AC89C3 /* Tool Bar */ = {
			isa = PBXGroup;
			children = (
				3A80A2752B1A694600107211 /* CalendarViewController.swift */,
				3A2302002B1A774C00EA73C6 /* CalendarAssistant.swift */,
				E51EDED02B1F93C60043A459 /* AlertsViewController.swift */,
				E543E37A2B191FDF00AC89C3 /* SettingsViewController.swift */,
			);
			path = "Tool Bar";
			sourceTree = "<group>";
		};
		E5783B052AF6E64E007F51BB = {
			isa = PBXGroup;
			children = (
				E5783B102AF6E64E007F51BB /* SeniorSignal */,
				E5783B0F2AF6E64E007F51BB /* Products */,
			);
			sourceTree = "<group>";
		};
		E5783B0F2AF6E64E007F51BB /* Products */ = {
			isa = PBXGroup;
			children = (
				E5783B0E2AF6E64E007F51BB /* SeniorSignal.app */,
			);
			name = Products;
			sourceTree = "<group>";
		};
		E5783B102AF6E64E007F51BB /* SeniorSignal */ = {
			isa = PBXGroup;
			children = (
				E5783B112AF6E64E007F51BB /* AppDelegate.swift */,
				E5783B132AF6E64E007F51BB /* SceneDelegate.swift */,
				E5783B172AF6E64E007F51BB /* Main.storyboard */,
				5BB0DE1F2B140DB1007875AC /* Cells */,
				E5CA98BC2B016DC200F4088F /* Models */,
				E5CA98BD2B016DEA00F4088F /* Login View Controllers */,
				E5CA98BE2B03D21A00F4088F /* User Profile */,
				E543E37C2B191FE900AC89C3 /* Tool Bar */,
				E5783B1A2AF6E650007F51BB /* Assets.xcassets */,
				E5783B1C2AF6E650007F51BB /* LaunchScreen.storyboard */,
				E5783B1F2AF6E650007F51BB /* Info.plist */,
			);
			path = SeniorSignal;
			sourceTree = "<group>";
		};
		E5CA98BC2B016DC200F4088F /* Models */ = {
			isa = PBXGroup;
			children = (
				E5783B272AF6E79A007F51BB /* UserModel.swift */,
				3A02EE2E2AFA7D29009A587F /* ElderProfileModel.swift */,
			);
			path = Models;
			sourceTree = "<group>";
		};
		E5CA98BD2B016DEA00F4088F /* Login View Controllers */ = {
			isa = PBXGroup;
			children = (
				E5783B152AF6E64E007F51BB /* ViewController.swift */,
				E5783B2E2AF7137E007F51BB /* RegistrationViewController.swift */,
				E5ACBB2F2AF7333500655347 /* ForgotPasswordViewController.swift */,
			);
			path = "Login View Controllers";
			sourceTree = "<group>";
		};
		E5CA98BE2B03D21A00F4088F /* User Profile */ = {
			isa = PBXGroup;
			children = (
				E5783B2C2AF6E8F5007F51BB /* HomeViewController.swift */,
				E53469A92B001F070077B336 /* CreateElderViewController.swift */,
				E5CA98BA2B0074C000F4088F /* ElderDetailViewController.swift */,
			);
			path = "User Profile";
			sourceTree = "<group>";
		};
/* End PBXGroup section */

/* Begin PBXNativeTarget section */
		E5783B0D2AF6E64E007F51BB /* SeniorSignal */ = {
			isa = PBXNativeTarget;
			buildConfigurationList = E5783B222AF6E650007F51BB /* Build configuration list for PBXNativeTarget "SeniorSignal" */;
			buildPhases = (
				E5783B0A2AF6E64E007F51BB /* Sources */,
				E5783B0B2AF6E64E007F51BB /* Frameworks */,
				E5783B0C2AF6E64E007F51BB /* Resources */,
			);
			buildRules = (
			);
			dependencies = (
			);
			name = SeniorSignal;
			packageProductDependencies = (
				E5783B2A2AF6E839007F51BB /* ParseSwift */,
			);
			productName = SeniorSignal;
			productReference = E5783B0E2AF6E64E007F51BB /* SeniorSignal.app */;
			productType = "com.apple.product-type.application";
		};
/* End PBXNativeTarget section */

/* Begin PBXProject section */
		E5783B062AF6E64E007F51BB /* Project object */ = {
			isa = PBXProject;
			attributes = {
				BuildIndependentTargetsInParallel = 1;
				LastSwiftUpdateCheck = 1430;
				LastUpgradeCheck = 1500;
				TargetAttributes = {
					E5783B0D2AF6E64E007F51BB = {
						CreatedOnToolsVersion = 14.3.1;
					};
				};
			};
			buildConfigurationList = E5783B092AF6E64E007F51BB /* Build configuration list for PBXProject "SeniorSignal" */;
			compatibilityVersion = "Xcode 14.0";
			developmentRegion = en;
			hasScannedForEncodings = 0;
			knownRegions = (
				en,
				Base,
			);
			mainGroup = E5783B052AF6E64E007F51BB;
			packageReferences = (
				E5783B292AF6E838007F51BB /* XCRemoteSwiftPackageReference "Parse-Swift" */,
			);
			productRefGroup = E5783B0F2AF6E64E007F51BB /* Products */;
			projectDirPath = "";
			projectRoot = "";
			targets = (
				E5783B0D2AF6E64E007F51BB /* SeniorSignal */,
			);
		};
/* End PBXProject section */

/* Begin PBXResourcesBuildPhase section */
		E5783B0C2AF6E64E007F51BB /* Resources */ = {
			isa = PBXResourcesBuildPhase;
			buildActionMask = 2147483647;
			files = (
				E5783B1E2AF6E650007F51BB /* LaunchScreen.storyboard in Resources */,
				E5783B1B2AF6E650007F51BB /* Assets.xcassets in Resources */,
				E5783B192AF6E64E007F51BB /* Main.storyboard in Resources */,
			);
			runOnlyForDeploymentPostprocessing = 0;
		};
/* End PBXResourcesBuildPhase section */

/* Begin PBXSourcesBuildPhase section */
		E5783B0A2AF6E64E007F51BB /* Sources */ = {
			isa = PBXSourcesBuildPhase;
			buildActionMask = 2147483647;
			files = (
				3A2302012B1A774C00EA73C6 /* CalendarAssistant.swift in Sources */,
				E53469AA2B001F070077B336 /* CreateElderViewController.swift in Sources */,
				3A02EE2F2AFA7D29009A587F /* ElderProfileModel.swift in Sources */,
				E5783B2F2AF7137E007F51BB /* RegistrationViewController.swift in Sources */,
				E5ACBB302AF7333500655347 /* ForgotPasswordViewController.swift in Sources */,
				E5783B162AF6E64E007F51BB /* ViewController.swift in Sources */,
				E5783B122AF6E64E007F51BB /* AppDelegate.swift in Sources */,
				E5CA98BB2B0074C000F4088F /* ElderDetailViewController.swift in Sources */,
				E5783B282AF6E79A007F51BB /* UserModel.swift in Sources */,
				E5783B142AF6E64E007F51BB /* SceneDelegate.swift in Sources */,
				E5783B2D2AF6E8F5007F51BB /* HomeViewController.swift in Sources */,
				5BB0DE1E2B1406FA007875AC /* ElderlyTableViewCell.swift in Sources */,
				3A80A2722B1A667600107211 /* CalendarCell.swift in Sources */,
				3A80A2762B1A694600107211 /* CalendarViewController.swift in Sources */,
				E543E37B2B191FDF00AC89C3 /* SettingsViewController.swift in Sources */,
				E51EDED12B1F93C60043A459 /* AlertsViewController.swift in Sources */,
			);
			runOnlyForDeploymentPostprocessing = 0;
		};
/* End PBXSourcesBuildPhase section */

/* Begin PBXVariantGroup section */
		E5783B172AF6E64E007F51BB /* Main.storyboard */ = {
			isa = PBXVariantGroup;
			children = (
				E5783B182AF6E64E007F51BB /* Base */,
			);
			name = Main.storyboard;
			sourceTree = "<group>";
		};
		E5783B1C2AF6E650007F51BB /* LaunchScreen.storyboard */ = {
			isa = PBXVariantGroup;
			children = (
				E5783B1D2AF6E650007F51BB /* Base */,
			);
			name = LaunchScreen.storyboard;
			sourceTree = "<group>";
		};
/* End PBXVariantGroup section */

/* Begin XCBuildConfiguration section */
		E5783B202AF6E650007F51BB /* Debug */ = {
			isa = XCBuildConfiguration;
			buildSettings = {
				ALWAYS_SEARCH_USER_PATHS = NO;
				CLANG_ANALYZER_NONNULL = YES;
				CLANG_ANALYZER_NUMBER_OBJECT_CONVERSION = YES_AGGRESSIVE;
				CLANG_CXX_LANGUAGE_STANDARD = "gnu++20";
				CLANG_ENABLE_MODULES = YES;
				CLANG_ENABLE_OBJC_ARC = YES;
				CLANG_ENABLE_OBJC_WEAK = YES;
				CLANG_WARN_BLOCK_CAPTURE_AUTORELEASING = YES;
				CLANG_WARN_BOOL_CONVERSION = YES;
				CLANG_WARN_COMMA = YES;
				CLANG_WARN_CONSTANT_CONVERSION = YES;
				CLANG_WARN_DEPRECATED_OBJC_IMPLEMENTATIONS = YES;
				CLANG_WARN_DIRECT_OBJC_ISA_USAGE = YES_ERROR;
				CLANG_WARN_DOCUMENTATION_COMMENTS = YES;
				CLANG_WARN_EMPTY_BODY = YES;
				CLANG_WARN_ENUM_CONVERSION = YES;
				CLANG_WARN_INFINITE_RECURSION = YES;
				CLANG_WARN_INT_CONVERSION = YES;
				CLANG_WARN_NON_LITERAL_NULL_CONVERSION = YES;
				CLANG_WARN_OBJC_IMPLICIT_RETAIN_SELF = YES;
				CLANG_WARN_OBJC_LITERAL_CONVERSION = YES;
				CLANG_WARN_OBJC_ROOT_CLASS = YES_ERROR;
				CLANG_WARN_QUOTED_INCLUDE_IN_FRAMEWORK_HEADER = YES;
				CLANG_WARN_RANGE_LOOP_ANALYSIS = YES;
				CLANG_WARN_STRICT_PROTOTYPES = YES;
				CLANG_WARN_SUSPICIOUS_MOVE = YES;
				CLANG_WARN_UNGUARDED_AVAILABILITY = YES_AGGRESSIVE;
				CLANG_WARN_UNREACHABLE_CODE = YES;
				CLANG_WARN__DUPLICATE_METHOD_MATCH = YES;
				COPY_PHASE_STRIP = NO;
				DEBUG_INFORMATION_FORMAT = dwarf;
				ENABLE_STRICT_OBJC_MSGSEND = YES;
				ENABLE_TESTABILITY = YES;
				ENABLE_USER_SCRIPT_SANDBOXING = YES;
				GCC_C_LANGUAGE_STANDARD = gnu11;
				GCC_DYNAMIC_NO_PIC = NO;
				GCC_NO_COMMON_BLOCKS = YES;
				GCC_OPTIMIZATION_LEVEL = 0;
				GCC_PREPROCESSOR_DEFINITIONS = (
					"DEBUG=1",
					"$(inherited)",
				);
				GCC_WARN_64_TO_32_BIT_CONVERSION = YES;
				GCC_WARN_ABOUT_RETURN_TYPE = YES_ERROR;
				GCC_WARN_UNDECLARED_SELECTOR = YES;
				GCC_WARN_UNINITIALIZED_AUTOS = YES_AGGRESSIVE;
				GCC_WARN_UNUSED_FUNCTION = YES;
				GCC_WARN_UNUSED_VARIABLE = YES;
				IPHONEOS_DEPLOYMENT_TARGET = 16.4;
				MTL_ENABLE_DEBUG_INFO = INCLUDE_SOURCE;
				MTL_FAST_MATH = YES;
				ONLY_ACTIVE_ARCH = YES;
				SDKROOT = iphoneos;
				SWIFT_ACTIVE_COMPILATION_CONDITIONS = DEBUG;
				SWIFT_OPTIMIZATION_LEVEL = "-Onone";
			};
			name = Debug;
		};
		E5783B212AF6E650007F51BB /* Release */ = {
			isa = XCBuildConfiguration;
			buildSettings = {
				ALWAYS_SEARCH_USER_PATHS = NO;
				CLANG_ANALYZER_NONNULL = YES;
				CLANG_ANALYZER_NUMBER_OBJECT_CONVERSION = YES_AGGRESSIVE;
				CLANG_CXX_LANGUAGE_STANDARD = "gnu++20";
				CLANG_ENABLE_MODULES = YES;
				CLANG_ENABLE_OBJC_ARC = YES;
				CLANG_ENABLE_OBJC_WEAK = YES;
				CLANG_WARN_BLOCK_CAPTURE_AUTORELEASING = YES;
				CLANG_WARN_BOOL_CONVERSION = YES;
				CLANG_WARN_COMMA = YES;
				CLANG_WARN_CONSTANT_CONVERSION = YES;
				CLANG_WARN_DEPRECATED_OBJC_IMPLEMENTATIONS = YES;
				CLANG_WARN_DIRECT_OBJC_ISA_USAGE = YES_ERROR;
				CLANG_WARN_DOCUMENTATION_COMMENTS = YES;
				CLANG_WARN_EMPTY_BODY = YES;
				CLANG_WARN_ENUM_CONVERSION = YES;
				CLANG_WARN_INFINITE_RECURSION = YES;
				CLANG_WARN_INT_CONVERSION = YES;
				CLANG_WARN_NON_LITERAL_NULL_CONVERSION = YES;
				CLANG_WARN_OBJC_IMPLICIT_RETAIN_SELF = YES;
				CLANG_WARN_OBJC_LITERAL_CONVERSION = YES;
				CLANG_WARN_OBJC_ROOT_CLASS = YES_ERROR;
				CLANG_WARN_QUOTED_INCLUDE_IN_FRAMEWORK_HEADER = YES;
				CLANG_WARN_RANGE_LOOP_ANALYSIS = YES;
				CLANG_WARN_STRICT_PROTOTYPES = YES;
				CLANG_WARN_SUSPICIOUS_MOVE = YES;
				CLANG_WARN_UNGUARDED_AVAILABILITY = YES_AGGRESSIVE;
				CLANG_WARN_UNREACHABLE_CODE = YES;
				CLANG_WARN__DUPLICATE_METHOD_MATCH = YES;
				COPY_PHASE_STRIP = NO;
				DEBUG_INFORMATION_FORMAT = "dwarf-with-dsym";
				ENABLE_NS_ASSERTIONS = NO;
				ENABLE_STRICT_OBJC_MSGSEND = YES;
				ENABLE_USER_SCRIPT_SANDBOXING = YES;
				GCC_C_LANGUAGE_STANDARD = gnu11;
				GCC_NO_COMMON_BLOCKS = YES;
				GCC_WARN_64_TO_32_BIT_CONVERSION = YES;
				GCC_WARN_ABOUT_RETURN_TYPE = YES_ERROR;
				GCC_WARN_UNDECLARED_SELECTOR = YES;
				GCC_WARN_UNINITIALIZED_AUTOS = YES_AGGRESSIVE;
				GCC_WARN_UNUSED_FUNCTION = YES;
				GCC_WARN_UNUSED_VARIABLE = YES;
				IPHONEOS_DEPLOYMENT_TARGET = 16.4;
				MTL_ENABLE_DEBUG_INFO = NO;
				MTL_FAST_MATH = YES;
				SDKROOT = iphoneos;
				SWIFT_COMPILATION_MODE = wholemodule;
				SWIFT_OPTIMIZATION_LEVEL = "-O";
				VALIDATE_PRODUCT = YES;
			};
			name = Release;
		};
		E5783B232AF6E650007F51BB /* Debug */ = {
			isa = XCBuildConfiguration;
			buildSettings = {
				ASSETCATALOG_COMPILER_APPICON_NAME = AppIcon;
				ASSETCATALOG_COMPILER_GLOBAL_ACCENT_COLOR_NAME = AccentColor;
				CODE_SIGN_STYLE = Automatic;
				CURRENT_PROJECT_VERSION = 1;
				DEVELOPMENT_TEAM = XWB3L2SZJS;
				GENERATE_INFOPLIST_FILE = YES;
				INFOPLIST_FILE = SeniorSignal/Info.plist;
				INFOPLIST_KEY_UIApplicationSupportsIndirectInputEvents = YES;
				INFOPLIST_KEY_UILaunchStoryboardName = LaunchScreen;
				INFOPLIST_KEY_UIMainStoryboardFile = Main;
				INFOPLIST_KEY_UISupportedInterfaceOrientations_iPad = "UIInterfaceOrientationPortrait UIInterfaceOrientationPortraitUpsideDown UIInterfaceOrientationLandscapeLeft UIInterfaceOrientationLandscapeRight";
				INFOPLIST_KEY_UISupportedInterfaceOrientations_iPhone = "UIInterfaceOrientationPortrait UIInterfaceOrientationLandscapeLeft UIInterfaceOrientationLandscapeRight";
				LD_RUNPATH_SEARCH_PATHS = (
					"$(inherited)",
					"@executable_path/Frameworks",
				);
				MARKETING_VERSION = 1.0;
				PRODUCT_BUNDLE_IDENTIFIER = "Group-9.SeniorSignal";
				PRODUCT_NAME = "$(TARGET_NAME)";
				SWIFT_EMIT_LOC_STRINGS = YES;
				SWIFT_VERSION = 5.0;
				TARGETED_DEVICE_FAMILY = "1,2";
			};
			name = Debug;
		};
		E5783B242AF6E650007F51BB /* Release */ = {
			isa = XCBuildConfiguration;
			buildSettings = {
				ASSETCATALOG_COMPILER_APPICON_NAME = AppIcon;
				ASSETCATALOG_COMPILER_GLOBAL_ACCENT_COLOR_NAME = AccentColor;
				CODE_SIGN_STYLE = Automatic;
				CURRENT_PROJECT_VERSION = 1;
				DEVELOPMENT_TEAM = XWB3L2SZJS;
				GENERATE_INFOPLIST_FILE = YES;
				INFOPLIST_FILE = SeniorSignal/Info.plist;
				INFOPLIST_KEY_UIApplicationSupportsIndirectInputEvents = YES;
				INFOPLIST_KEY_UILaunchStoryboardName = LaunchScreen;
				INFOPLIST_KEY_UIMainStoryboardFile = Main;
				INFOPLIST_KEY_UISupportedInterfaceOrientations_iPad = "UIInterfaceOrientationPortrait UIInterfaceOrientationPortraitUpsideDown UIInterfaceOrientationLandscapeLeft UIInterfaceOrientationLandscapeRight";
				INFOPLIST_KEY_UISupportedInterfaceOrientations_iPhone = "UIInterfaceOrientationPortrait UIInterfaceOrientationLandscapeLeft UIInterfaceOrientationLandscapeRight";
				LD_RUNPATH_SEARCH_PATHS = (
					"$(inherited)",
					"@executable_path/Frameworks",
				);
				MARKETING_VERSION = 1.0;
				PRODUCT_BUNDLE_IDENTIFIER = "Group-9.SeniorSignal";
				PRODUCT_NAME = "$(TARGET_NAME)";
				SWIFT_EMIT_LOC_STRINGS = YES;
				SWIFT_VERSION = 5.0;
				TARGETED_DEVICE_FAMILY = "1,2";
			};
			name = Release;
		};
/* End XCBuildConfiguration section */

/* Begin XCConfigurationList section */
		E5783B092AF6E64E007F51BB /* Build configuration list for PBXProject "SeniorSignal" */ = {
			isa = XCConfigurationList;
			buildConfigurations = (
				E5783B202AF6E650007F51BB /* Debug */,
				E5783B212AF6E650007F51BB /* Release */,
			);
			defaultConfigurationIsVisible = 0;
			defaultConfigurationName = Release;
		};
		E5783B222AF6E650007F51BB /* Build configuration list for PBXNativeTarget "SeniorSignal" */ = {
			isa = XCConfigurationList;
			buildConfigurations = (
				E5783B232AF6E650007F51BB /* Debug */,
				E5783B242AF6E650007F51BB /* Release */,
			);
			defaultConfigurationIsVisible = 0;
			defaultConfigurationName = Release;
		};
/* End XCConfigurationList section */

/* Begin XCRemoteSwiftPackageReference section */
		E5783B292AF6E838007F51BB /* XCRemoteSwiftPackageReference "Parse-Swift" */ = {
			isa = XCRemoteSwiftPackageReference;
			repositoryURL = "https://github.com/parse-community/Parse-Swift.git";
			requirement = {
				kind = upToNextMajorVersion;
				minimumVersion = 4.0.0;
			};
		};
/* End XCRemoteSwiftPackageReference section */

/* Begin XCSwiftPackageProductDependency section */
		E5783B2A2AF6E839007F51BB /* ParseSwift */ = {
			isa = XCSwiftPackageProductDependency;
			package = E5783B292AF6E838007F51BB /* XCRemoteSwiftPackageReference "Parse-Swift" */;
			productName = ParseSwift;
		};
/* End XCSwiftPackageProductDependency section */
	};
	rootObject = E5783B062AF6E64E007F51BB /* Project object */;
}
